// !$*UTF8*$!
{
	archiveVersion = 1;
	classes = {
	};
	objectVersion = 46;
	objects = {

/* Begin PBXBuildFile section */
		010732295E231D85C0839790 /* libPods.a in Frameworks */ = {isa = PBXBuildFile; fileRef = 5FE31135A441B1C140A9C749 /* libPods.a */; };
		300D042E1B38673A0032F927 /* main.m in Sources */ = {isa = PBXBuildFile; fileRef = 300D042D1B38673A0032F927 /* main.m */; };
		300D04311B38673A0032F927 /* AppDelegate.m in Sources */ = {isa = PBXBuildFile; fileRef = 300D04301B38673A0032F927 /* AppDelegate.m */; };
		300D043A1B38673A0032F927 /* Main.storyboard in Resources */ = {isa = PBXBuildFile; fileRef = 300D04381B38673A0032F927 /* Main.storyboard */; };
		300D043C1B38673B0032F927 /* Images.xcassets in Resources */ = {isa = PBXBuildFile; fileRef = 300D043B1B38673B0032F927 /* Images.xcassets */; };
		300D043F1B38673B0032F927 /* LaunchScreen.xib in Resources */ = {isa = PBXBuildFile; fileRef = 300D043D1B38673B0032F927 /* LaunchScreen.xib */; };
		300D044B1B38673B0032F927 /* ChatRoomTestTests.m in Sources */ = {isa = PBXBuildFile; fileRef = 300D044A1B38673B0032F927 /* ChatRoomTestTests.m */; };
		300D04841B386F190032F927 /* textfield_background.png in Resources */ = {isa = PBXBuildFile; fileRef = 300D04821B386F190032F927 /* textfield_background.png */; };
		300D04851B386F190032F927 /* textfield_background@2x.png in Resources */ = {isa = PBXBuildFile; fileRef = 300D04831B386F190032F927 /* textfield_background@2x.png */; };
		300D048A1B38CCF00032F927 /* SettingsViewController.m in Sources */ = {isa = PBXBuildFile; fileRef = 300D04891B38CCF00032F927 /* SettingsViewController.m */; };
		300D048D1B3919060032F927 /* SignupViewController.m in Sources */ = {isa = PBXBuildFile; fileRef = 300D048C1B3919060032F927 /* SignupViewController.m */; };
		300D04901B39190D0032F927 /* LoginViewController.m in Sources */ = {isa = PBXBuildFile; fileRef = 300D048F1B39190D0032F927 /* LoginViewController.m */; };
		300D04961B391C530032F927 /* HomeTableViewController.m in Sources */ = {isa = PBXBuildFile; fileRef = 300D04951B391C530032F927 /* HomeTableViewController.m */; };
		300D04A01B3E25280032F927 /* FriendsViewController.m in Sources */ = {isa = PBXBuildFile; fileRef = 300D049F1B3E25280032F927 /* FriendsViewController.m */; };
		300D04A91B3F910B0032F927 /* EditFriendsViewController.m in Sources */ = {isa = PBXBuildFile; fileRef = 300D04A81B3F910B0032F927 /* EditFriendsViewController.m */; };
		300D04B91B4085800032F927 /* AudioToolbox.framework in Frameworks */ = {isa = PBXBuildFile; fileRef = 300D04B81B4085800032F927 /* AudioToolbox.framework */; };
		300D04BB1B40858C0032F927 /* CFNetwork.framework in Frameworks */ = {isa = PBXBuildFile; fileRef = 300D04BA1B40858C0032F927 /* CFNetwork.framework */; };
		300D04BD1B4085950032F927 /* CoreGraphics.framework in Frameworks */ = {isa = PBXBuildFile; fileRef = 300D04BC1B4085950032F927 /* CoreGraphics.framework */; };
		300D04BF1B40859E0032F927 /* CoreLocation.framework in Frameworks */ = {isa = PBXBuildFile; fileRef = 300D04BE1B40859E0032F927 /* CoreLocation.framework */; };
		300D04C11B4085B00032F927 /* MobileCoreServices.framework in Frameworks */ = {isa = PBXBuildFile; fileRef = 300D04C01B4085B00032F927 /* MobileCoreServices.framework */; };
		300D04C31B4085B90032F927 /* QuartzCore.framework in Frameworks */ = {isa = PBXBuildFile; fileRef = 300D04C21B4085B90032F927 /* QuartzCore.framework */; };
		300D04C51B4085C50032F927 /* Security.framework in Frameworks */ = {isa = PBXBuildFile; fileRef = 300D04C41B4085C50032F927 /* Security.framework */; };
		300D04C71B4085CE0032F927 /* StoreKit.framework in Frameworks */ = {isa = PBXBuildFile; fileRef = 300D04C61B4085CE0032F927 /* StoreKit.framework */; };
		300D04C91B4085D70032F927 /* SystemConfiguration.framework in Frameworks */ = {isa = PBXBuildFile; fileRef = 300D04C81B4085D70032F927 /* SystemConfiguration.framework */; };
		300D04CB1B4085E20032F927 /* libz.dylib in Frameworks */ = {isa = PBXBuildFile; fileRef = 300D04CA1B4085E20032F927 /* libz.dylib */; };
		300D04CD1B4085EC0032F927 /* libsqlite3.dylib in Frameworks */ = {isa = PBXBuildFile; fileRef = 300D04CC1B4085EC0032F927 /* libsqlite3.dylib */; };
		307C36CB1B86360F0053CECF /* CollectionTableViewController.m in Sources */ = {isa = PBXBuildFile; fileRef = 307C36CA1B86360F0053CECF /* CollectionTableViewController.m */; };
		307C36D21B864E680053CECF /* NewPostViewController.m in Sources */ = {isa = PBXBuildFile; fileRef = 307C36D11B864E680053CECF /* NewPostViewController.m */; };
		307C36D51B8661290053CECF /* camera.png in Resources */ = {isa = PBXBuildFile; fileRef = 307C36D31B8661290053CECF /* camera.png */; };
		307C36D61B8661290053CECF /* camera@2x.png in Resources */ = {isa = PBXBuildFile; fileRef = 307C36D41B8661290053CECF /* camera@2x.png */; };
		307C36D91B8675480053CECF /* pokeball.png in Resources */ = {isa = PBXBuildFile; fileRef = 307C36D71B8675480053CECF /* pokeball.png */; };
		307C36DA1B8675480053CECF /* pokeball@2x.png in Resources */ = {isa = PBXBuildFile; fileRef = 307C36D81B8675480053CECF /* pokeball@2x.png */; };
		307C36DD1B8676AB0053CECF /* Edit.png in Resources */ = {isa = PBXBuildFile; fileRef = 307C36DB1B8676AB0053CECF /* Edit.png */; };
		307C36DE1B8676AB0053CECF /* Edit@2x.png in Resources */ = {isa = PBXBuildFile; fileRef = 307C36DC1B8676AB0053CECF /* Edit@2x.png */; };
		307C36E11B8679C80053CECF /* chat.png in Resources */ = {isa = PBXBuildFile; fileRef = 307C36DF1B8679C80053CECF /* chat.png */; };
		307C36E21B8679C80053CECF /* chat@2x.png in Resources */ = {isa = PBXBuildFile; fileRef = 307C36E01B8679C80053CECF /* chat@2x.png */; };
		307C36F71B867C3C0053CECF /* Users.png in Resources */ = {isa = PBXBuildFile; fileRef = 307C36F51B867C3C0053CECF /* Users.png */; };
		307C36F81B867C3C0053CECF /* Users@2x.png in Resources */ = {isa = PBXBuildFile; fileRef = 307C36F61B867C3C0053CECF /* Users@2x.png */; };
		307C36FB1B867D1B0053CECF /* settings.png in Resources */ = {isa = PBXBuildFile; fileRef = 307C36F91B867D1B0053CECF /* settings.png */; };
		307C36FC1B867D1B0053CECF /* settings@2x.png in Resources */ = {isa = PBXBuildFile; fileRef = 307C36FA1B867D1B0053CECF /* settings@2x.png */; };
		307C36FF1B867EBE0053CECF /* star.png in Resources */ = {isa = PBXBuildFile; fileRef = 307C36FD1B867EBE0053CECF /* star.png */; };
		307C37001B867EBE0053CECF /* star@2x.png in Resources */ = {isa = PBXBuildFile; fileRef = 307C36FE1B867EBE0053CECF /* star@2x.png */; };
		307C37031B86A01B0053CECF /* starFilled.png in Resources */ = {isa = PBXBuildFile; fileRef = 307C37011B86A01B0053CECF /* starFilled.png */; };
		307C37041B86A01B0053CECF /* starFilled@2x.png in Resources */ = {isa = PBXBuildFile; fileRef = 307C37021B86A01B0053CECF /* starFilled@2x.png */; };
		307C37131B86A4450053CECF /* home.png in Resources */ = {isa = PBXBuildFile; fileRef = 307C37111B86A4450053CECF /* home.png */; };
		307C37141B86A4450053CECF /* home@2x.png in Resources */ = {isa = PBXBuildFile; fileRef = 307C37121B86A4450053CECF /* home@2x.png */; };
		307C37171B86A47C0053CECF /* house.png in Resources */ = {isa = PBXBuildFile; fileRef = 307C37151B86A47C0053CECF /* house.png */; };
		307C37181B86A47C0053CECF /* house@2x.png in Resources */ = {isa = PBXBuildFile; fileRef = 307C37161B86A47C0053CECF /* house@2x.png */; };
		307C371C1B86AEA40053CECF /* madison.jpg in Resources */ = {isa = PBXBuildFile; fileRef = 307C371B1B86AEA40053CECF /* madison.jpg */; };
		307C37211B891F590053CECF /* plus.png in Resources */ = {isa = PBXBuildFile; fileRef = 307C371F1B891F590053CECF /* plus.png */; };
		307C37221B891F590053CECF /* plus@2x.png in Resources */ = {isa = PBXBuildFile; fileRef = 307C37201B891F590053CECF /* plus@2x.png */; };
		307C37251B89272F0053CECF /* blankProfile.png in Resources */ = {isa = PBXBuildFile; fileRef = 307C37231B89272F0053CECF /* blankProfile.png */; };
		307C37261B89272F0053CECF /* blankProfile@2x.png in Resources */ = {isa = PBXBuildFile; fileRef = 307C37241B89272F0053CECF /* blankProfile@2x.png */; };
		307C37291B8FC2940053CECF /* ViewPostViewController.m in Sources */ = {isa = PBXBuildFile; fileRef = 307C37281B8FC2940053CECF /* ViewPostViewController.m */; };
		307C372D1B8FC5BE0053CECF /* ReplyCell.m in Sources */ = {isa = PBXBuildFile; fileRef = 307C372B1B8FC5BE0053CECF /* ReplyCell.m */; };
		307C372E1B8FC5BE0053CECF /* ReplyCell.xib in Resources */ = {isa = PBXBuildFile; fileRef = 307C372C1B8FC5BE0053CECF /* ReplyCell.xib */; };
		30996D331B77E63400607D4C /* pic_background.png in Resources */ = {isa = PBXBuildFile; fileRef = 30996D321B77E63400607D4C /* pic_background.png */; };
		30996D371B77E9EA00607D4C /* HomeCell.m in Sources */ = {isa = PBXBuildFile; fileRef = 30996D351B77E9EA00607D4C /* HomeCell.m */; };
		30996D381B77E9EA00607D4C /* HomeCell.xib in Resources */ = {isa = PBXBuildFile; fileRef = 30996D361B77E9EA00607D4C /* HomeCell.xib */; };
		30996D3F1B77EAC100607D4C /* pic_plank_among.png in Resources */ = {isa = PBXBuildFile; fileRef = 30996D391B77EAC100607D4C /* pic_plank_among.png */; };
		30996D401B77EAC100607D4C /* pic_plank_among@2x.png in Resources */ = {isa = PBXBuildFile; fileRef = 30996D3A1B77EAC100607D4C /* pic_plank_among@2x.png */; };
		30996D411B77EAC100607D4C /* pic_plank_down.png in Resources */ = {isa = PBXBuildFile; fileRef = 30996D3B1B77EAC100607D4C /* pic_plank_down.png */; };
		30996D421B77EAC100607D4C /* pic_plank_down@2x.png in Resources */ = {isa = PBXBuildFile; fileRef = 30996D3C1B77EAC100607D4C /* pic_plank_down@2x.png */; };
		30996D431B77EAC100607D4C /* pic_plank_up.png in Resources */ = {isa = PBXBuildFile; fileRef = 30996D3D1B77EAC100607D4C /* pic_plank_up.png */; };
		30996D441B77EAC100607D4C /* pic_plank_up@2x.png in Resources */ = {isa = PBXBuildFile; fileRef = 30996D3E1B77EAC100607D4C /* pic_plank_up@2x.png */; };
		30996D471B83E1A100607D4C /* ico_people.png in Resources */ = {isa = PBXBuildFile; fileRef = 30996D451B83E1A100607D4C /* ico_people.png */; };
		30996D481B83E1A100607D4C /* ico_reply.png in Resources */ = {isa = PBXBuildFile; fileRef = 30996D461B83E1A100607D4C /* ico_reply.png */; };
		30BDA57C1B41DFDE004F31AE /* ChatViewController.m in Sources */ = {isa = PBXBuildFile; fileRef = 30BDA57B1B41DFDE004F31AE /* ChatViewController.m */; };
		30BDA5801B422AF9004F31AE /* ChatCell.m in Sources */ = {isa = PBXBuildFile; fileRef = 30BDA57E1B422AF9004F31AE /* ChatCell.m */; };
		30BDA5811B422AF9004F31AE /* ChatCell.xib in Resources */ = {isa = PBXBuildFile; fileRef = 30BDA57F1B422AF9004F31AE /* ChatCell.xib */; };
		30BDA5891B4377A2004F31AE /* ChatView.m in Sources */ = {isa = PBXBuildFile; fileRef = 30BDA5881B4377A2004F31AE /* ChatView.m */; };
/* End PBXBuildFile section */

/* Begin PBXContainerItemProxy section */
		300D04451B38673B0032F927 /* PBXContainerItemProxy */ = {
			isa = PBXContainerItemProxy;
			containerPortal = 300D04201B38673A0032F927 /* Project object */;
			proxyType = 1;
			remoteGlobalIDString = 300D04271B38673A0032F927;
			remoteInfo = ChatRoomTest;
		};
/* End PBXContainerItemProxy section */

/* Begin PBXFileReference section */
		15A98F3A790143D875FF06A1 /* Pods.release.xcconfig */ = {isa = PBXFileReference; includeInIndex = 1; lastKnownFileType = text.xcconfig; name = Pods.release.xcconfig; path = "Pods/Target Support Files/Pods/Pods.release.xcconfig"; sourceTree = "<group>"; };
		300D04281B38673A0032F927 /* Tango.app */ = {isa = PBXFileReference; explicitFileType = wrapper.application; includeInIndex = 0; path = Tango.app; sourceTree = BUILT_PRODUCTS_DIR; };
		300D042C1B38673A0032F927 /* Info.plist */ = {isa = PBXFileReference; lastKnownFileType = text.plist.xml; path = Info.plist; sourceTree = "<group>"; };
		300D042D1B38673A0032F927 /* main.m */ = {isa = PBXFileReference; lastKnownFileType = sourcecode.c.objc; path = main.m; sourceTree = "<group>"; };
		300D042F1B38673A0032F927 /* AppDelegate.h */ = {isa = PBXFileReference; lastKnownFileType = sourcecode.c.h; path = AppDelegate.h; sourceTree = "<group>"; };
		300D04301B38673A0032F927 /* AppDelegate.m */ = {isa = PBXFileReference; lastKnownFileType = sourcecode.c.objc; path = AppDelegate.m; sourceTree = "<group>"; };
		300D04391B38673A0032F927 /* Base */ = {isa = PBXFileReference; lastKnownFileType = file.storyboard; name = Base; path = Base.lproj/Main.storyboard; sourceTree = "<group>"; };
		300D043B1B38673B0032F927 /* Images.xcassets */ = {isa = PBXFileReference; lastKnownFileType = folder.assetcatalog; path = Images.xcassets; sourceTree = "<group>"; };
		300D043E1B38673B0032F927 /* Base */ = {isa = PBXFileReference; lastKnownFileType = file.xib; name = Base; path = Base.lproj/LaunchScreen.xib; sourceTree = "<group>"; };
		300D04441B38673B0032F927 /* TangoTests.xctest */ = {isa = PBXFileReference; explicitFileType = wrapper.cfbundle; includeInIndex = 0; path = TangoTests.xctest; sourceTree = BUILT_PRODUCTS_DIR; };
		300D04491B38673B0032F927 /* Info.plist */ = {isa = PBXFileReference; lastKnownFileType = text.plist.xml; path = Info.plist; sourceTree = "<group>"; };
		300D044A1B38673B0032F927 /* ChatRoomTestTests.m */ = {isa = PBXFileReference; lastKnownFileType = sourcecode.c.objc; path = ChatRoomTestTests.m; sourceTree = "<group>"; };
		300D04821B386F190032F927 /* textfield_background.png */ = {isa = PBXFileReference; lastKnownFileType = image.png; name = textfield_background.png; path = "../../../Sample code/chatDemo-master/chatDemo/textfield_background.png"; sourceTree = "<group>"; };
		300D04831B386F190032F927 /* textfield_background@2x.png */ = {isa = PBXFileReference; lastKnownFileType = image.png; name = "textfield_background@2x.png"; path = "../../../Sample code/chatDemo-master/chatDemo/textfield_background@2x.png"; sourceTree = "<group>"; };
		300D04881B38CCF00032F927 /* SettingsViewController.h */ = {isa = PBXFileReference; fileEncoding = 4; lastKnownFileType = sourcecode.c.h; path = SettingsViewController.h; sourceTree = "<group>"; };
		300D04891B38CCF00032F927 /* SettingsViewController.m */ = {isa = PBXFileReference; fileEncoding = 4; lastKnownFileType = sourcecode.c.objc; path = SettingsViewController.m; sourceTree = "<group>"; };
		300D048B1B3919060032F927 /* SignupViewController.h */ = {isa = PBXFileReference; fileEncoding = 4; lastKnownFileType = sourcecode.c.h; path = SignupViewController.h; sourceTree = "<group>"; };
		300D048C1B3919060032F927 /* SignupViewController.m */ = {isa = PBXFileReference; fileEncoding = 4; lastKnownFileType = sourcecode.c.objc; path = SignupViewController.m; sourceTree = "<group>"; };
		300D048E1B39190D0032F927 /* LoginViewController.h */ = {isa = PBXFileReference; fileEncoding = 4; lastKnownFileType = sourcecode.c.h; path = LoginViewController.h; sourceTree = "<group>"; };
		300D048F1B39190D0032F927 /* LoginViewController.m */ = {isa = PBXFileReference; fileEncoding = 4; lastKnownFileType = sourcecode.c.objc; path = LoginViewController.m; sourceTree = "<group>"; };
		300D04941B391C530032F927 /* HomeTableViewController.h */ = {isa = PBXFileReference; fileEncoding = 4; lastKnownFileType = sourcecode.c.h; path = HomeTableViewController.h; sourceTree = "<group>"; };
		300D04951B391C530032F927 /* HomeTableViewController.m */ = {isa = PBXFileReference; fileEncoding = 4; lastKnownFileType = sourcecode.c.objc; path = HomeTableViewController.m; sourceTree = "<group>"; };
		300D049E1B3E25280032F927 /* FriendsViewController.h */ = {isa = PBXFileReference; fileEncoding = 4; lastKnownFileType = sourcecode.c.h; path = FriendsViewController.h; sourceTree = "<group>"; };
		300D049F1B3E25280032F927 /* FriendsViewController.m */ = {isa = PBXFileReference; fileEncoding = 4; lastKnownFileType = sourcecode.c.objc; path = FriendsViewController.m; sourceTree = "<group>"; };
		300D04A71B3F910B0032F927 /* EditFriendsViewController.h */ = {isa = PBXFileReference; fileEncoding = 4; lastKnownFileType = sourcecode.c.h; path = EditFriendsViewController.h; sourceTree = "<group>"; };
		300D04A81B3F910B0032F927 /* EditFriendsViewController.m */ = {isa = PBXFileReference; fileEncoding = 4; lastKnownFileType = sourcecode.c.objc; path = EditFriendsViewController.m; sourceTree = "<group>"; };
		300D04B81B4085800032F927 /* AudioToolbox.framework */ = {isa = PBXFileReference; lastKnownFileType = wrapper.framework; name = AudioToolbox.framework; path = System/Library/Frameworks/AudioToolbox.framework; sourceTree = SDKROOT; };
		300D04BA1B40858C0032F927 /* CFNetwork.framework */ = {isa = PBXFileReference; lastKnownFileType = wrapper.framework; name = CFNetwork.framework; path = System/Library/Frameworks/CFNetwork.framework; sourceTree = SDKROOT; };
		300D04BC1B4085950032F927 /* CoreGraphics.framework */ = {isa = PBXFileReference; lastKnownFileType = wrapper.framework; name = CoreGraphics.framework; path = System/Library/Frameworks/CoreGraphics.framework; sourceTree = SDKROOT; };
		300D04BE1B40859E0032F927 /* CoreLocation.framework */ = {isa = PBXFileReference; lastKnownFileType = wrapper.framework; name = CoreLocation.framework; path = System/Library/Frameworks/CoreLocation.framework; sourceTree = SDKROOT; };
		300D04C01B4085B00032F927 /* MobileCoreServices.framework */ = {isa = PBXFileReference; lastKnownFileType = wrapper.framework; name = MobileCoreServices.framework; path = System/Library/Frameworks/MobileCoreServices.framework; sourceTree = SDKROOT; };
		300D04C21B4085B90032F927 /* QuartzCore.framework */ = {isa = PBXFileReference; lastKnownFileType = wrapper.framework; name = QuartzCore.framework; path = System/Library/Frameworks/QuartzCore.framework; sourceTree = SDKROOT; };
		300D04C41B4085C50032F927 /* Security.framework */ = {isa = PBXFileReference; lastKnownFileType = wrapper.framework; name = Security.framework; path = System/Library/Frameworks/Security.framework; sourceTree = SDKROOT; };
		300D04C61B4085CE0032F927 /* StoreKit.framework */ = {isa = PBXFileReference; lastKnownFileType = wrapper.framework; name = StoreKit.framework; path = System/Library/Frameworks/StoreKit.framework; sourceTree = SDKROOT; };
		300D04C81B4085D70032F927 /* SystemConfiguration.framework */ = {isa = PBXFileReference; lastKnownFileType = wrapper.framework; name = SystemConfiguration.framework; path = System/Library/Frameworks/SystemConfiguration.framework; sourceTree = SDKROOT; };
		300D04CA1B4085E20032F927 /* libz.dylib */ = {isa = PBXFileReference; lastKnownFileType = "compiled.mach-o.dylib"; name = libz.dylib; path = usr/lib/libz.dylib; sourceTree = SDKROOT; };
		300D04CC1B4085EC0032F927 /* libsqlite3.dylib */ = {isa = PBXFileReference; lastKnownFileType = "compiled.mach-o.dylib"; name = libsqlite3.dylib; path = usr/lib/libsqlite3.dylib; sourceTree = SDKROOT; };
		307C36C91B86360F0053CECF /* CollectionTableViewController.h */ = {isa = PBXFileReference; fileEncoding = 4; lastKnownFileType = sourcecode.c.h; path = CollectionTableViewController.h; sourceTree = "<group>"; };
		307C36CA1B86360F0053CECF /* CollectionTableViewController.m */ = {isa = PBXFileReference; fileEncoding = 4; lastKnownFileType = sourcecode.c.objc; path = CollectionTableViewController.m; sourceTree = "<group>"; };
		307C36D01B864E680053CECF /* NewPostViewController.h */ = {isa = PBXFileReference; fileEncoding = 4; lastKnownFileType = sourcecode.c.h; path = NewPostViewController.h; sourceTree = "<group>"; };
		307C36D11B864E680053CECF /* NewPostViewController.m */ = {isa = PBXFileReference; fileEncoding = 4; lastKnownFileType = sourcecode.c.objc; path = NewPostViewController.m; sourceTree = "<group>"; };
		307C36D31B8661290053CECF /* camera.png */ = {isa = PBXFileReference; lastKnownFileType = image.png; path = camera.png; sourceTree = "<group>"; };
		307C36D41B8661290053CECF /* camera@2x.png */ = {isa = PBXFileReference; lastKnownFileType = image.png; path = "camera@2x.png"; sourceTree = "<group>"; };
		307C36D71B8675480053CECF /* pokeball.png */ = {isa = PBXFileReference; lastKnownFileType = image.png; path = pokeball.png; sourceTree = "<group>"; };
		307C36D81B8675480053CECF /* pokeball@2x.png */ = {isa = PBXFileReference; lastKnownFileType = image.png; path = "pokeball@2x.png"; sourceTree = "<group>"; };
		307C36DB1B8676AB0053CECF /* Edit.png */ = {isa = PBXFileReference; lastKnownFileType = image.png; path = Edit.png; sourceTree = "<group>"; };
		307C36DC1B8676AB0053CECF /* Edit@2x.png */ = {isa = PBXFileReference; lastKnownFileType = image.png; path = "Edit@2x.png"; sourceTree = "<group>"; };
		307C36DF1B8679C80053CECF /* chat.png */ = {isa = PBXFileReference; lastKnownFileType = image.png; path = chat.png; sourceTree = "<group>"; };
		307C36E01B8679C80053CECF /* chat@2x.png */ = {isa = PBXFileReference; lastKnownFileType = image.png; path = "chat@2x.png"; sourceTree = "<group>"; };
		307C36F51B867C3C0053CECF /* Users.png */ = {isa = PBXFileReference; lastKnownFileType = image.png; path = Users.png; sourceTree = "<group>"; };
		307C36F61B867C3C0053CECF /* Users@2x.png */ = {isa = PBXFileReference; lastKnownFileType = image.png; path = "Users@2x.png"; sourceTree = "<group>"; };
		307C36F91B867D1B0053CECF /* settings.png */ = {isa = PBXFileReference; lastKnownFileType = image.png; name = settings.png; path = ../../../icons/settings.png; sourceTree = "<group>"; };
		307C36FA1B867D1B0053CECF /* settings@2x.png */ = {isa = PBXFileReference; lastKnownFileType = image.png; name = "settings@2x.png"; path = "../../../icons/settings@2x.png"; sourceTree = "<group>"; };
		307C36FD1B867EBE0053CECF /* star.png */ = {isa = PBXFileReference; lastKnownFileType = image.png; name = star.png; path = ../../../icons/star.png; sourceTree = "<group>"; };
		307C36FE1B867EBE0053CECF /* star@2x.png */ = {isa = PBXFileReference; lastKnownFileType = image.png; name = "star@2x.png"; path = "../../../icons/star@2x.png"; sourceTree = "<group>"; };
		307C37011B86A01B0053CECF /* starFilled.png */ = {isa = PBXFileReference; lastKnownFileType = image.png; name = starFilled.png; path = ../../../icons/starFilled.png; sourceTree = "<group>"; };
		307C37021B86A01B0053CECF /* starFilled@2x.png */ = {isa = PBXFileReference; lastKnownFileType = image.png; name = "starFilled@2x.png"; path = "../../../icons/starFilled@2x.png"; sourceTree = "<group>"; };
		307C37111B86A4450053CECF /* home.png */ = {isa = PBXFileReference; lastKnownFileType = image.png; path = home.png; sourceTree = "<group>"; };
		307C37121B86A4450053CECF /* home@2x.png */ = {isa = PBXFileReference; lastKnownFileType = image.png; path = "home@2x.png"; sourceTree = "<group>"; };
		307C37151B86A47C0053CECF /* house.png */ = {isa = PBXFileReference; lastKnownFileType = image.png; path = house.png; sourceTree = "<group>"; };
		307C37161B86A47C0053CECF /* house@2x.png */ = {isa = PBXFileReference; lastKnownFileType = image.png; path = "house@2x.png"; sourceTree = "<group>"; };
		307C371B1B86AEA40053CECF /* madison.jpg */ = {isa = PBXFileReference; lastKnownFileType = image.jpeg; path = madison.jpg; sourceTree = "<group>"; };
		307C371F1B891F590053CECF /* plus.png */ = {isa = PBXFileReference; lastKnownFileType = image.png; path = plus.png; sourceTree = "<group>"; };
		307C37201B891F590053CECF /* plus@2x.png */ = {isa = PBXFileReference; lastKnownFileType = image.png; path = "plus@2x.png"; sourceTree = "<group>"; };
		307C37231B89272F0053CECF /* blankProfile.png */ = {isa = PBXFileReference; lastKnownFileType = image.png; path = blankProfile.png; sourceTree = "<group>"; };
		307C37241B89272F0053CECF /* blankProfile@2x.png */ = {isa = PBXFileReference; lastKnownFileType = image.png; path = "blankProfile@2x.png"; sourceTree = "<group>"; };
		307C37271B8FC2940053CECF /* ViewPostViewController.h */ = {isa = PBXFileReference; fileEncoding = 4; lastKnownFileType = sourcecode.c.h; path = ViewPostViewController.h; sourceTree = "<group>"; };
		307C37281B8FC2940053CECF /* ViewPostViewController.m */ = {isa = PBXFileReference; fileEncoding = 4; lastKnownFileType = sourcecode.c.objc; path = ViewPostViewController.m; sourceTree = "<group>"; };
		307C372A1B8FC5BE0053CECF /* ReplyCell.h */ = {isa = PBXFileReference; fileEncoding = 4; lastKnownFileType = sourcecode.c.h; path = ReplyCell.h; sourceTree = "<group>"; };
		307C372B1B8FC5BE0053CECF /* ReplyCell.m */ = {isa = PBXFileReference; fileEncoding = 4; lastKnownFileType = sourcecode.c.objc; path = ReplyCell.m; sourceTree = "<group>"; };
		307C372C1B8FC5BE0053CECF /* ReplyCell.xib */ = {isa = PBXFileReference; fileEncoding = 4; lastKnownFileType = file.xib; path = ReplyCell.xib; sourceTree = "<group>"; };
		30996D321B77E63400607D4C /* pic_background.png */ = {isa = PBXFileReference; lastKnownFileType = image.png; path = pic_background.png; sourceTree = "<group>"; };
		30996D341B77E9EA00607D4C /* HomeCell.h */ = {isa = PBXFileReference; fileEncoding = 4; lastKnownFileType = sourcecode.c.h; path = HomeCell.h; sourceTree = "<group>"; };
		30996D351B77E9EA00607D4C /* HomeCell.m */ = {isa = PBXFileReference; fileEncoding = 4; lastKnownFileType = sourcecode.c.objc; path = HomeCell.m; sourceTree = "<group>"; };
		30996D361B77E9EA00607D4C /* HomeCell.xib */ = {isa = PBXFileReference; fileEncoding = 4; lastKnownFileType = file.xib; path = HomeCell.xib; sourceTree = "<group>"; };
		30996D391B77EAC100607D4C /* pic_plank_among.png */ = {isa = PBXFileReference; lastKnownFileType = image.png; path = pic_plank_among.png; sourceTree = "<group>"; };
		30996D3A1B77EAC100607D4C /* pic_plank_among@2x.png */ = {isa = PBXFileReference; lastKnownFileType = image.png; path = "pic_plank_among@2x.png"; sourceTree = "<group>"; };
		30996D3B1B77EAC100607D4C /* pic_plank_down.png */ = {isa = PBXFileReference; lastKnownFileType = image.png; path = pic_plank_down.png; sourceTree = "<group>"; };
		30996D3C1B77EAC100607D4C /* pic_plank_down@2x.png */ = {isa = PBXFileReference; lastKnownFileType = image.png; path = "pic_plank_down@2x.png"; sourceTree = "<group>"; };
		30996D3D1B77EAC100607D4C /* pic_plank_up.png */ = {isa = PBXFileReference; lastKnownFileType = image.png; path = pic_plank_up.png; sourceTree = "<group>"; };
		30996D3E1B77EAC100607D4C /* pic_plank_up@2x.png */ = {isa = PBXFileReference; lastKnownFileType = image.png; path = "pic_plank_up@2x.png"; sourceTree = "<group>"; };
		30996D451B83E1A100607D4C /* ico_people.png */ = {isa = PBXFileReference; lastKnownFileType = image.png; path = ico_people.png; sourceTree = "<group>"; };
		30996D461B83E1A100607D4C /* ico_reply.png */ = {isa = PBXFileReference; lastKnownFileType = image.png; path = ico_reply.png; sourceTree = "<group>"; };
		30BDA5791B408FDF004F31AE /* Podfile */ = {isa = PBXFileReference; lastKnownFileType = text; path = Podfile; sourceTree = "<group>"; xcLanguageSpecificationIdentifier = xcode.lang.ruby; };
		30BDA57A1B41DFDE004F31AE /* ChatViewController.h */ = {isa = PBXFileReference; fileEncoding = 4; lastKnownFileType = sourcecode.c.h; path = ChatViewController.h; sourceTree = "<group>"; };
		30BDA57B1B41DFDE004F31AE /* ChatViewController.m */ = {isa = PBXFileReference; fileEncoding = 4; lastKnownFileType = sourcecode.c.objc; path = ChatViewController.m; sourceTree = "<group>"; };
		30BDA57D1B422AF9004F31AE /* ChatCell.h */ = {isa = PBXFileReference; fileEncoding = 4; lastKnownFileType = sourcecode.c.h; path = ChatCell.h; sourceTree = "<group>"; };
		30BDA57E1B422AF9004F31AE /* ChatCell.m */ = {isa = PBXFileReference; fileEncoding = 4; lastKnownFileType = sourcecode.c.objc; path = ChatCell.m; sourceTree = "<group>"; };
		30BDA57F1B422AF9004F31AE /* ChatCell.xib */ = {isa = PBXFileReference; fileEncoding = 4; lastKnownFileType = file.xib; path = ChatCell.xib; sourceTree = "<group>"; };
		30BDA5871B4377A2004F31AE /* ChatView.h */ = {isa = PBXFileReference; fileEncoding = 4; lastKnownFileType = sourcecode.c.h; path = ChatView.h; sourceTree = "<group>"; };
		30BDA5881B4377A2004F31AE /* ChatView.m */ = {isa = PBXFileReference; fileEncoding = 4; lastKnownFileType = sourcecode.c.objc; path = ChatView.m; sourceTree = "<group>"; };
		5FE31135A441B1C140A9C749 /* libPods.a */ = {isa = PBXFileReference; explicitFileType = archive.ar; includeInIndex = 0; path = libPods.a; sourceTree = BUILT_PRODUCTS_DIR; };
		D53467C5B458A913C074BD76 /* Pods.debug.xcconfig */ = {isa = PBXFileReference; includeInIndex = 1; lastKnownFileType = text.xcconfig; name = Pods.debug.xcconfig; path = "Pods/Target Support Files/Pods/Pods.debug.xcconfig"; sourceTree = "<group>"; };
/* End PBXFileReference section */

/* Begin PBXFrameworksBuildPhase section */
		300D04251B38673A0032F927 /* Frameworks */ = {
			isa = PBXFrameworksBuildPhase;
			buildActionMask = 2147483647;
			files = (
				300D04CD1B4085EC0032F927 /* libsqlite3.dylib in Frameworks */,
				300D04CB1B4085E20032F927 /* libz.dylib in Frameworks */,
				300D04C91B4085D70032F927 /* SystemConfiguration.framework in Frameworks */,
				300D04C71B4085CE0032F927 /* StoreKit.framework in Frameworks */,
				300D04C51B4085C50032F927 /* Security.framework in Frameworks */,
				300D04C31B4085B90032F927 /* QuartzCore.framework in Frameworks */,
				300D04C11B4085B00032F927 /* MobileCoreServices.framework in Frameworks */,
				300D04BF1B40859E0032F927 /* CoreLocation.framework in Frameworks */,
				300D04BD1B4085950032F927 /* CoreGraphics.framework in Frameworks */,
				300D04BB1B40858C0032F927 /* CFNetwork.framework in Frameworks */,
				300D04B91B4085800032F927 /* AudioToolbox.framework in Frameworks */,
				010732295E231D85C0839790 /* libPods.a in Frameworks */,
			);
			runOnlyForDeploymentPostprocessing = 0;
		};
		300D04411B38673B0032F927 /* Frameworks */ = {
			isa = PBXFrameworksBuildPhase;
			buildActionMask = 2147483647;
			files = (
			);
			runOnlyForDeploymentPostprocessing = 0;
		};
/* End PBXFrameworksBuildPhase section */

/* Begin PBXGroup section */
		300D041F1B38673A0032F927 = {
			isa = PBXGroup;
			children = (
				30BDA5791B408FDF004F31AE /* Podfile */,
				300D042A1B38673A0032F927 /* ChatRoomTest */,
				300D04471B38673B0032F927 /* ChatRoomTestTests */,
				300D04291B38673A0032F927 /* Products */,
				6260E91AD70F7267E6FB78C7 /* Frameworks */,
				88F01816FB8A177D5DA03F0D /* Pods */,
			);
			sourceTree = "<group>";
		};
		300D04291B38673A0032F927 /* Products */ = {
			isa = PBXGroup;
			children = (
				300D04281B38673A0032F927 /* Tango.app */,
				300D04441B38673B0032F927 /* TangoTests.xctest */,
			);
			name = Products;
			sourceTree = "<group>";
		};
		300D042A1B38673A0032F927 /* ChatRoomTest */ = {
			isa = PBXGroup;
			children = (
				300D04991B3922930032F927 /* image */,
				300D04381B38673A0032F927 /* Main.storyboard */,
				30BDA5871B4377A2004F31AE /* ChatView.h */,
				30BDA5881B4377A2004F31AE /* ChatView.m */,
				300D042F1B38673A0032F927 /* AppDelegate.h */,
				300D04301B38673A0032F927 /* AppDelegate.m */,
				300D048B1B3919060032F927 /* SignupViewController.h */,
				300D048C1B3919060032F927 /* SignupViewController.m */,
				300D048E1B39190D0032F927 /* LoginViewController.h */,
				300D048F1B39190D0032F927 /* LoginViewController.m */,
				300D04A31B3F8FDE0032F927 /* 01. Home */,
				300D04A61B3F90340032F927 /* 02. Chat */,
				300D04A21B3F8FBE0032F927 /* 03. Friends */,
				300D04A51B3F90160032F927 /* 04. Settings */,
				300D043D1B38673B0032F927 /* LaunchScreen.xib */,
				300D043B1B38673B0032F927 /* Images.xcassets */,
				300D042B1B38673A0032F927 /* Supporting Files */,
			);
			path = ChatRoomTest;
			sourceTree = "<group>";
		};
		300D042B1B38673A0032F927 /* Supporting Files */ = {
			isa = PBXGroup;
			children = (
				300D042C1B38673A0032F927 /* Info.plist */,
				300D042D1B38673A0032F927 /* main.m */,
			);
			name = "Supporting Files";
			sourceTree = "<group>";
		};
		300D04471B38673B0032F927 /* ChatRoomTestTests */ = {
			isa = PBXGroup;
			children = (
				300D044A1B38673B0032F927 /* ChatRoomTestTests.m */,
				300D04481B38673B0032F927 /* Supporting Files */,
			);
			path = ChatRoomTestTests;
			sourceTree = "<group>";
		};
		300D04481B38673B0032F927 /* Supporting Files */ = {
			isa = PBXGroup;
			children = (
				300D04491B38673B0032F927 /* Info.plist */,
			);
			name = "Supporting Files";
			sourceTree = "<group>";
		};
		300D04991B3922930032F927 /* image */ = {
			isa = PBXGroup;
			children = (
				307C371F1B891F590053CECF /* plus.png */,
				307C37201B891F590053CECF /* plus@2x.png */,
				307C371B1B86AEA40053CECF /* madison.jpg */,
				307C36D31B8661290053CECF /* camera.png */,
				307C36D41B8661290053CECF /* camera@2x.png */,
				30996D451B83E1A100607D4C /* ico_people.png */,
				307C36DB1B8676AB0053CECF /* Edit.png */,
				307C36DC1B8676AB0053CECF /* Edit@2x.png */,
				30996D461B83E1A100607D4C /* ico_reply.png */,
				30996D391B77EAC100607D4C /* pic_plank_among.png */,
				307C36D71B8675480053CECF /* pokeball.png */,
				307C36D81B8675480053CECF /* pokeball@2x.png */,
				30996D3A1B77EAC100607D4C /* pic_plank_among@2x.png */,
				30996D3B1B77EAC100607D4C /* pic_plank_down.png */,
				30996D3C1B77EAC100607D4C /* pic_plank_down@2x.png */,
				30996D3D1B77EAC100607D4C /* pic_plank_up.png */,
				30996D3E1B77EAC100607D4C /* pic_plank_up@2x.png */,
				307C36FD1B867EBE0053CECF /* star.png */,
				307C36FE1B867EBE0053CECF /* star@2x.png */,
				307C37151B86A47C0053CECF /* house.png */,
				307C37161B86A47C0053CECF /* house@2x.png */,
				307C36F51B867C3C0053CECF /* Users.png */,
				307C36F61B867C3C0053CECF /* Users@2x.png */,
				300D04821B386F190032F927 /* textfield_background.png */,
				307C37111B86A4450053CECF /* home.png */,
				307C37121B86A4450053CECF /* home@2x.png */,
				300D04831B386F190032F927 /* textfield_background@2x.png */,
				307C37231B89272F0053CECF /* blankProfile.png */,
				307C37241B89272F0053CECF /* blankProfile@2x.png */,
				30996D321B77E63400607D4C /* pic_background.png */,
				307C36DF1B8679C80053CECF /* chat.png */,
				307C36E01B8679C80053CECF /* chat@2x.png */,
				307C37011B86A01B0053CECF /* starFilled.png */,
				307C37021B86A01B0053CECF /* starFilled@2x.png */,
				307C36F91B867D1B0053CECF /* settings.png */,
				307C36FA1B867D1B0053CECF /* settings@2x.png */,
			);
			name = image;
			sourceTree = "<group>";
		};
		300D04A21B3F8FBE0032F927 /* 03. Friends */ = {
			isa = PBXGroup;
			children = (
				300D049E1B3E25280032F927 /* FriendsViewController.h */,
				300D049F1B3E25280032F927 /* FriendsViewController.m */,
				300D04A71B3F910B0032F927 /* EditFriendsViewController.h */,
				300D04A81B3F910B0032F927 /* EditFriendsViewController.m */,
			);
			name = "03. Friends";
			sourceTree = "<group>";
		};
		300D04A31B3F8FDE0032F927 /* 01. Home */ = {
			isa = PBXGroup;
			children = (
				300D04941B391C530032F927 /* HomeTableViewController.h */,
				300D04951B391C530032F927 /* HomeTableViewController.m */,
				30996D341B77E9EA00607D4C /* HomeCell.h */,
				30996D351B77E9EA00607D4C /* HomeCell.m */,
				30996D361B77E9EA00607D4C /* HomeCell.xib */,
				307C36C91B86360F0053CECF /* CollectionTableViewController.h */,
				307C36CA1B86360F0053CECF /* CollectionTableViewController.m */,
				307C36D01B864E680053CECF /* NewPostViewController.h */,
				307C36D11B864E680053CECF /* NewPostViewController.m */,
				307C37271B8FC2940053CECF /* ViewPostViewController.h */,
				307C37281B8FC2940053CECF /* ViewPostViewController.m */,
				307C372A1B8FC5BE0053CECF /* ReplyCell.h */,
				307C372B1B8FC5BE0053CECF /* ReplyCell.m */,
				307C372C1B8FC5BE0053CECF /* ReplyCell.xib */,
			);
			name = "01. Home";
			sourceTree = "<group>";
		};
		300D04A51B3F90160032F927 /* 04. Settings */ = {
			isa = PBXGroup;
			children = (
				300D04881B38CCF00032F927 /* SettingsViewController.h */,
				300D04891B38CCF00032F927 /* SettingsViewController.m */,
			);
			name = "04. Settings";
			sourceTree = "<group>";
		};
		300D04A61B3F90340032F927 /* 02. Chat */ = {
			isa = PBXGroup;
			children = (
				30BDA57A1B41DFDE004F31AE /* ChatViewController.h */,
				30BDA57B1B41DFDE004F31AE /* ChatViewController.m */,
				30BDA57D1B422AF9004F31AE /* ChatCell.h */,
				30BDA57E1B422AF9004F31AE /* ChatCell.m */,
				30BDA57F1B422AF9004F31AE /* ChatCell.xib */,
			);
			name = "02. Chat";
			sourceTree = "<group>";
		};
		6260E91AD70F7267E6FB78C7 /* Frameworks */ = {
			isa = PBXGroup;
			children = (
				300D04CC1B4085EC0032F927 /* libsqlite3.dylib */,
				300D04CA1B4085E20032F927 /* libz.dylib */,
				300D04C81B4085D70032F927 /* SystemConfiguration.framework */,
				300D04C61B4085CE0032F927 /* StoreKit.framework */,
				300D04C41B4085C50032F927 /* Security.framework */,
				300D04C21B4085B90032F927 /* QuartzCore.framework */,
				300D04C01B4085B00032F927 /* MobileCoreServices.framework */,
				300D04BE1B40859E0032F927 /* CoreLocation.framework */,
				300D04BC1B4085950032F927 /* CoreGraphics.framework */,
				300D04BA1B40858C0032F927 /* CFNetwork.framework */,
				300D04B81B4085800032F927 /* AudioToolbox.framework */,
				5FE31135A441B1C140A9C749 /* libPods.a */,
			);
			name = Frameworks;
			sourceTree = "<group>";
		};
		88F01816FB8A177D5DA03F0D /* Pods */ = {
			isa = PBXGroup;
			children = (
				D53467C5B458A913C074BD76 /* Pods.debug.xcconfig */,
				15A98F3A790143D875FF06A1 /* Pods.release.xcconfig */,
			);
			name = Pods;
			sourceTree = "<group>";
		};
/* End PBXGroup section */

/* Begin PBXNativeTarget section */
		300D04271B38673A0032F927 /* Tango */ = {
			isa = PBXNativeTarget;
			buildConfigurationList = 300D044E1B38673B0032F927 /* Build configuration list for PBXNativeTarget "Tango" */;
			buildPhases = (
				1FC26B3A7CC99D4E3AE6B4B6 /* Check Pods Manifest.lock */,
				300D04241B38673A0032F927 /* Sources */,
				300D04251B38673A0032F927 /* Frameworks */,
				300D04261B38673A0032F927 /* Resources */,
				5C9AE1DF23B07B5E10B473B6 /* Copy Pods Resources */,
			);
			buildRules = (
			);
			dependencies = (
			);
			name = Tango;
			productName = ChatRoomTest;
			productReference = 300D04281B38673A0032F927 /* Tango.app */;
			productType = "com.apple.product-type.application";
		};
		300D04431B38673B0032F927 /* TangoTests */ = {
			isa = PBXNativeTarget;
			buildConfigurationList = 300D04511B38673B0032F927 /* Build configuration list for PBXNativeTarget "TangoTests" */;
			buildPhases = (
				300D04401B38673B0032F927 /* Sources */,
				300D04411B38673B0032F927 /* Frameworks */,
				300D04421B38673B0032F927 /* Resources */,
			);
			buildRules = (
			);
			dependencies = (
				300D04461B38673B0032F927 /* PBXTargetDependency */,
			);
			name = TangoTests;
			productName = ChatRoomTestTests;
			productReference = 300D04441B38673B0032F927 /* TangoTests.xctest */;
			productType = "com.apple.product-type.bundle.unit-test";
		};
/* End PBXNativeTarget section */

/* Begin PBXProject section */
		300D04201B38673A0032F927 /* Project object */ = {
			isa = PBXProject;
			attributes = {
				LastUpgradeCheck = 0630;
				ORGANIZATIONNAME = "Gaoyuan Chen";
				TargetAttributes = {
					300D04271B38673A0032F927 = {
						CreatedOnToolsVersion = 6.3;
						DevelopmentTeam = MT7CSV95PR;
					};
					300D04431B38673B0032F927 = {
						CreatedOnToolsVersion = 6.3;
						TestTargetID = 300D04271B38673A0032F927;
					};
				};
			};
			buildConfigurationList = 300D04231B38673A0032F927 /* Build configuration list for PBXProject "Tango" */;
			compatibilityVersion = "Xcode 3.2";
			developmentRegion = English;
			hasScannedForEncodings = 0;
			knownRegions = (
				en,
				Base,
			);
			mainGroup = 300D041F1B38673A0032F927;
			productRefGroup = 300D04291B38673A0032F927 /* Products */;
			projectDirPath = "";
			projectRoot = "";
			targets = (
				300D04271B38673A0032F927 /* Tango */,
				300D04431B38673B0032F927 /* TangoTests */,
			);
		};
/* End PBXProject section */

/* Begin PBXResourcesBuildPhase section */
		300D04261B38673A0032F927 /* Resources */ = {
			isa = PBXResourcesBuildPhase;
			buildActionMask = 2147483647;
			files = (
				307C37001B867EBE0053CECF /* star@2x.png in Resources */,
				307C36D91B8675480053CECF /* pokeball.png in Resources */,
				30996D481B83E1A100607D4C /* ico_reply.png in Resources */,
				307C37181B86A47C0053CECF /* house@2x.png in Resources */,
				307C37251B89272F0053CECF /* blankProfile.png in Resources */,
				307C36DE1B8676AB0053CECF /* Edit@2x.png in Resources */,
				307C36E21B8679C80053CECF /* chat@2x.png in Resources */,
				307C37141B86A4450053CECF /* home@2x.png in Resources */,
				307C372E1B8FC5BE0053CECF /* ReplyCell.xib in Resources */,
				307C37261B89272F0053CECF /* blankProfile@2x.png in Resources */,
				307C36D61B8661290053CECF /* camera@2x.png in Resources */,
				307C37131B86A4450053CECF /* home.png in Resources */,
				30996D381B77E9EA00607D4C /* HomeCell.xib in Resources */,
				30996D431B77EAC100607D4C /* pic_plank_up.png in Resources */,
				307C36D51B8661290053CECF /* camera.png in Resources */,
				30996D411B77EAC100607D4C /* pic_plank_down.png in Resources */,
				300D043A1B38673A0032F927 /* Main.storyboard in Resources */,
				30996D401B77EAC100607D4C /* pic_plank_among@2x.png in Resources */,
				307C371C1B86AEA40053CECF /* madison.jpg in Resources */,
				300D043F1B38673B0032F927 /* LaunchScreen.xib in Resources */,
				307C36DA1B8675480053CECF /* pokeball@2x.png in Resources */,
				30996D441B77EAC100607D4C /* pic_plank_up@2x.png in Resources */,
				307C36E11B8679C80053CECF /* chat.png in Resources */,
				30996D421B77EAC100607D4C /* pic_plank_down@2x.png in Resources */,
				307C36FB1B867D1B0053CECF /* settings.png in Resources */,
				30996D331B77E63400607D4C /* pic_background.png in Resources */,
				30BDA5811B422AF9004F31AE /* ChatCell.xib in Resources */,
				307C37041B86A01B0053CECF /* starFilled@2x.png in Resources */,
				300D043C1B38673B0032F927 /* Images.xcassets in Resources */,
				307C36F71B867C3C0053CECF /* Users.png in Resources */,
				307C36FF1B867EBE0053CECF /* star.png in Resources */,
				307C36FC1B867D1B0053CECF /* settings@2x.png in Resources */,
				300D04851B386F190032F927 /* textfield_background@2x.png in Resources */,
				307C37211B891F590053CECF /* plus.png in Resources */,
				307C37171B86A47C0053CECF /* house.png in Resources */,
				307C37221B891F590053CECF /* plus@2x.png in Resources */,
				307C37031B86A01B0053CECF /* starFilled.png in Resources */,
				30996D471B83E1A100607D4C /* ico_people.png in Resources */,
				30996D3F1B77EAC100607D4C /* pic_plank_among.png in Resources */,
				307C36DD1B8676AB0053CECF /* Edit.png in Resources */,
				307C36F81B867C3C0053CECF /* Users@2x.png in Resources */,
				300D04841B386F190032F927 /* textfield_background.png in Resources */,
			);
			runOnlyForDeploymentPostprocessing = 0;
		};
		300D04421B38673B0032F927 /* Resources */ = {
			isa = PBXResourcesBuildPhase;
			buildActionMask = 2147483647;
			files = (
			);
			runOnlyForDeploymentPostprocessing = 0;
		};
/* End PBXResourcesBuildPhase section */

/* Begin PBXShellScriptBuildPhase section */
		1FC26B3A7CC99D4E3AE6B4B6 /* Check Pods Manifest.lock */ = {
			isa = PBXShellScriptBuildPhase;
			buildActionMask = 2147483647;
			files = (
			);
			inputPaths = (
			);
			name = "Check Pods Manifest.lock";
			outputPaths = (
			);
			runOnlyForDeploymentPostprocessing = 0;
			shellPath = /bin/sh;
			shellScript = "diff \"${PODS_ROOT}/../Podfile.lock\" \"${PODS_ROOT}/Manifest.lock\" > /dev/null\nif [[ $? != 0 ]] ; then\n    cat << EOM\nerror: The sandbox is not in sync with the Podfile.lock. Run 'pod install' or update your CocoaPods installation.\nEOM\n    exit 1\nfi\n";
			showEnvVarsInLog = 0;
		};
		5C9AE1DF23B07B5E10B473B6 /* Copy Pods Resources */ = {
			isa = PBXShellScriptBuildPhase;
			buildActionMask = 2147483647;
			files = (
			);
			inputPaths = (
			);
			name = "Copy Pods Resources";
			outputPaths = (
			);
			runOnlyForDeploymentPostprocessing = 0;
			shellPath = /bin/sh;
			shellScript = "\"${SRCROOT}/Pods/Target Support Files/Pods/Pods-resources.sh\"\n";
			showEnvVarsInLog = 0;
		};
/* End PBXShellScriptBuildPhase section */

/* Begin PBXSourcesBuildPhase section */
		300D04241B38673A0032F927 /* Sources */ = {
			isa = PBXSourcesBuildPhase;
			buildActionMask = 2147483647;
			files = (
				307C36CB1B86360F0053CECF /* CollectionTableViewController.m in Sources */,
				300D04A91B3F910B0032F927 /* EditFriendsViewController.m in Sources */,
				307C372D1B8FC5BE0053CECF /* ReplyCell.m in Sources */,
				300D048D1B3919060032F927 /* SignupViewController.m in Sources */,
				30BDA57C1B41DFDE004F31AE /* ChatViewController.m in Sources */,
				30BDA5801B422AF9004F31AE /* ChatCell.m in Sources */,
				300D04A01B3E25280032F927 /* FriendsViewController.m in Sources */,
				300D04311B38673A0032F927 /* AppDelegate.m in Sources */,
				307C36D21B864E680053CECF /* NewPostViewController.m in Sources */,
				30996D371B77E9EA00607D4C /* HomeCell.m in Sources */,
				300D04961B391C530032F927 /* HomeTableViewController.m in Sources */,
				30BDA5891B4377A2004F31AE /* ChatView.m in Sources */,
				300D04901B39190D0032F927 /* LoginViewController.m in Sources */,
				300D048A1B38CCF00032F927 /* SettingsViewController.m in Sources */,
				307C37291B8FC2940053CECF /* ViewPostViewController.m in Sources */,
				300D042E1B38673A0032F927 /* main.m in Sources */,
			);
			runOnlyForDeploymentPostprocessing = 0;
		};
		300D04401B38673B0032F927 /* Sources */ = {
			isa = PBXSourcesBuildPhase;
			buildActionMask = 2147483647;
			files = (
				300D044B1B38673B0032F927 /* ChatRoomTestTests.m in Sources */,
			);
			runOnlyForDeploymentPostprocessing = 0;
		};
/* End PBXSourcesBuildPhase section */

/* Begin PBXTargetDependency section */
		300D04461B38673B0032F927 /* PBXTargetDependency */ = {
			isa = PBXTargetDependency;
			target = 300D04271B38673A0032F927 /* Tango */;
			targetProxy = 300D04451B38673B0032F927 /* PBXContainerItemProxy */;
		};
/* End PBXTargetDependency section */

/* Begin PBXVariantGroup section */
		300D04381B38673A0032F927 /* Main.storyboard */ = {
			isa = PBXVariantGroup;
			children = (
				300D04391B38673A0032F927 /* Base */,
			);
			name = Main.storyboard;
			sourceTree = "<group>";
		};
		300D043D1B38673B0032F927 /* LaunchScreen.xib */ = {
			isa = PBXVariantGroup;
			children = (
				300D043E1B38673B0032F927 /* Base */,
			);
			name = LaunchScreen.xib;
			sourceTree = "<group>";
		};
/* End PBXVariantGroup section */

/* Begin XCBuildConfiguration section */
		300D044C1B38673B0032F927 /* Debug */ = {
			isa = XCBuildConfiguration;
			buildSettings = {
				ALWAYS_SEARCH_USER_PATHS = NO;
				CLANG_CXX_LANGUAGE_STANDARD = "gnu++0x";
				CLANG_CXX_LIBRARY = "libc++";
				CLANG_ENABLE_MODULES = YES;
				CLANG_ENABLE_OBJC_ARC = YES;
				CLANG_WARN_BOOL_CONVERSION = YES;
				CLANG_WARN_CONSTANT_CONVERSION = YES;
				CLANG_WARN_DIRECT_OBJC_ISA_USAGE = YES_ERROR;
				CLANG_WARN_EMPTY_BODY = YES;
				CLANG_WARN_ENUM_CONVERSION = YES;
				CLANG_WARN_INT_CONVERSION = YES;
				CLANG_WARN_OBJC_ROOT_CLASS = YES_ERROR;
				CLANG_WARN_UNREACHABLE_CODE = YES;
				CLANG_WARN__DUPLICATE_METHOD_MATCH = YES;
				"CODE_SIGN_IDENTITY[sdk=iphoneos*]" = "iPhone Developer";
				COPY_PHASE_STRIP = NO;
				DEBUG_INFORMATION_FORMAT = "dwarf-with-dsym";
				ENABLE_STRICT_OBJC_MSGSEND = YES;
				GCC_C_LANGUAGE_STANDARD = gnu99;
				GCC_DYNAMIC_NO_PIC = NO;
				GCC_NO_COMMON_BLOCKS = YES;
				GCC_OPTIMIZATION_LEVEL = 0;
				GCC_PREPROCESSOR_DEFINITIONS = (
					"DEBUG=1",
					"$(inherited)",
				);
				GCC_SYMBOLS_PRIVATE_EXTERN = NO;
				GCC_WARN_64_TO_32_BIT_CONVERSION = YES;
				GCC_WARN_ABOUT_RETURN_TYPE = YES_ERROR;
				GCC_WARN_UNDECLARED_SELECTOR = YES;
				GCC_WARN_UNINITIALIZED_AUTOS = YES_AGGRESSIVE;
				GCC_WARN_UNUSED_FUNCTION = YES;
				GCC_WARN_UNUSED_VARIABLE = YES;
				IPHONEOS_DEPLOYMENT_TARGET = 8.3;
				MTL_ENABLE_DEBUG_INFO = YES;
				ONLY_ACTIVE_ARCH = YES;
				SDKROOT = iphoneos;
			};
			name = Debug;
		};
		300D044D1B38673B0032F927 /* Release */ = {
			isa = XCBuildConfiguration;
			buildSettings = {
				ALWAYS_SEARCH_USER_PATHS = NO;
				CLANG_CXX_LANGUAGE_STANDARD = "gnu++0x";
				CLANG_CXX_LIBRARY = "libc++";
				CLANG_ENABLE_MODULES = YES;
				CLANG_ENABLE_OBJC_ARC = YES;
				CLANG_WARN_BOOL_CONVERSION = YES;
				CLANG_WARN_CONSTANT_CONVERSION = YES;
				CLANG_WARN_DIRECT_OBJC_ISA_USAGE = YES_ERROR;
				CLANG_WARN_EMPTY_BODY = YES;
				CLANG_WARN_ENUM_CONVERSION = YES;
				CLANG_WARN_INT_CONVERSION = YES;
				CLANG_WARN_OBJC_ROOT_CLASS = YES_ERROR;
				CLANG_WARN_UNREACHABLE_CODE = YES;
				CLANG_WARN__DUPLICATE_METHOD_MATCH = YES;
				"CODE_SIGN_IDENTITY[sdk=iphoneos*]" = "iPhone Developer";
				COPY_PHASE_STRIP = NO;
				DEBUG_INFORMATION_FORMAT = "dwarf-with-dsym";
				ENABLE_NS_ASSERTIONS = NO;
				ENABLE_STRICT_OBJC_MSGSEND = YES;
				GCC_C_LANGUAGE_STANDARD = gnu99;
				GCC_NO_COMMON_BLOCKS = YES;
				GCC_WARN_64_TO_32_BIT_CONVERSION = YES;
				GCC_WARN_ABOUT_RETURN_TYPE = YES_ERROR;
				GCC_WARN_UNDECLARED_SELECTOR = YES;
				GCC_WARN_UNINITIALIZED_AUTOS = YES_AGGRESSIVE;
				GCC_WARN_UNUSED_FUNCTION = YES;
				GCC_WARN_UNUSED_VARIABLE = YES;
				IPHONEOS_DEPLOYMENT_TARGET = 8.3;
				MTL_ENABLE_DEBUG_INFO = NO;
				SDKROOT = iphoneos;
				VALIDATE_PRODUCT = YES;
			};
			name = Release;
		};
		300D044F1B38673B0032F927 /* Debug */ = {
			isa = XCBuildConfiguration;
			baseConfigurationReference = D53467C5B458A913C074BD76 /* Pods.debug.xcconfig */;
			buildSettings = {
				ASSETCATALOG_COMPILER_APPICON_NAME = AppIcon;
				CODE_SIGN_IDENTITY = "iPhone Developer";
				"CODE_SIGN_IDENTITY[sdk=iphoneos*]" = "iPhone Developer";
				FRAMEWORK_SEARCH_PATHS = (
					"$(inherited)",
					/Users/gaoyuan/Documents/ios,
					"developin/parse-library-1.7.4",
					/Users/gaoyuan/Documents/ios,
					"developin/parse-library-1.7.4",
				);
				INFOPLIST_FILE = ChatRoomTest/Info.plist;
				IPHONEOS_DEPLOYMENT_TARGET = 8.4;
				LD_RUNPATH_SEARCH_PATHS = "$(inherited) @executable_path/Frameworks";
				PRODUCT_NAME = Tango;
				PROVISIONING_PROFILE = "";
			};
			name = Debug;
		};
		300D04501B38673B0032F927 /* Release */ = {
			isa = XCBuildConfiguration;
			baseConfigurationReference = 15A98F3A790143D875FF06A1 /* Pods.release.xcconfig */;
			buildSettings = {
				ASSETCATALOG_COMPILER_APPICON_NAME = AppIcon;
				CODE_SIGN_IDENTITY = "iPhone Developer";
				"CODE_SIGN_IDENTITY[sdk=iphoneos*]" = "iPhone Developer";
				FRAMEWORK_SEARCH_PATHS = (
					"$(inherited)",
					/Users/gaoyuan/Documents/ios,
					"developin/parse-library-1.7.4",
					/Users/gaoyuan/Documents/ios,
					"developin/parse-library-1.7.4",
				);
				INFOPLIST_FILE = ChatRoomTest/Info.plist;
				IPHONEOS_DEPLOYMENT_TARGET = 8.4;
				LD_RUNPATH_SEARCH_PATHS = "$(inherited) @executable_path/Frameworks";
				PRODUCT_NAME = Tango;
				PROVISIONING_PROFILE = "";
			};
			name = Release;
		};
		300D04521B38673B0032F927 /* Debug */ = {
			isa = XCBuildConfiguration;
			buildSettings = {
				BUNDLE_LOADER = "$(TEST_HOST)";
				FRAMEWORK_SEARCH_PATHS = (
					"$(SDKROOT)/Developer/Library/Frameworks",
					"$(inherited)",
				);
				GCC_PREPROCESSOR_DEFINITIONS = (
					"DEBUG=1",
					"$(inherited)",
				);
				INFOPLIST_FILE = ChatRoomTestTests/Info.plist;
				LD_RUNPATH_SEARCH_PATHS = "$(inherited) @executable_path/Frameworks @loader_path/Frameworks";
				PRODUCT_NAME = TangoTests;
				TEST_HOST = "$(BUILT_PRODUCTS_DIR)/ChatRoomTest.app/ChatRoomTest";
			};
			name = Debug;
		};
		300D04531B38673B0032F927 /* Release */ = {
			isa = XCBuildConfiguration;
			buildSettings = {
				BUNDLE_LOADER = "$(TEST_HOST)";
				FRAMEWORK_SEARCH_PATHS = (
					"$(SDKROOT)/Developer/Library/Frameworks",
					"$(inherited)",
				);
				INFOPLIST_FILE = ChatRoomTestTests/Info.plist;
				LD_RUNPATH_SEARCH_PATHS = "$(inherited) @executable_path/Frameworks @loader_path/Frameworks";
				PRODUCT_NAME = TangoTests;
				TEST_HOST = "$(BUILT_PRODUCTS_DIR)/ChatRoomTest.app/ChatRoomTest";
			};
			name = Release;
		};
/* End XCBuildConfiguration section */

/* Begin XCConfigurationList section */
		300D04231B38673A0032F927 /* Build configuration list for PBXProject "Tango" */ = {
			isa = XCConfigurationList;
			buildConfigurations = (
				300D044C1B38673B0032F927 /* Debug */,
				300D044D1B38673B0032F927 /* Release */,
			);
			defaultConfigurationIsVisible = 0;
			defaultConfigurationName = Release;
		};
		300D044E1B38673B0032F927 /* Build configuration list for PBXNativeTarget "Tango" */ = {
			isa = XCConfigurationList;
			buildConfigurations = (
				300D044F1B38673B0032F927 /* Debug */,
				300D04501B38673B0032F927 /* Release */,
			);
			defaultConfigurationIsVisible = 0;
			defaultConfigurationName = Release;
		};
		300D04511B38673B0032F927 /* Build configuration list for PBXNativeTarget "TangoTests" */ = {
			isa = XCConfigurationList;
			buildConfigurations = (
				300D04521B38673B0032F927 /* Debug */,
				300D04531B38673B0032F927 /* Release */,
			);
			defaultConfigurationIsVisible = 0;
			defaultConfigurationName = Release;
		};
/* End XCConfigurationList section */
	};
	rootObject = 300D04201B38673A0032F927 /* Project object */;
}
